
Microsoft Visual Studio Solution File, Format Version 12.00
# Visual Studio Version 17
VisualStudioVersion = 17.13.35931.197 d17.13
MinimumVisualStudioVersion = 10.0.40219.1
Project("{FAE04EC0-301F-11D3-BF4B-00C04F79EFBC}") = "BulkeyWebNewTest", "BulkeyWebNewTest.csproj", "{5AFB0DF3-F774-4801-B094-40C45D672FB0}"
EndProject
Global
	GlobalSection(SolutionConfigurationPlatforms) = preSolution
		Debug|Any CPU = Debug|Any CPU
		Release|Any CPU = Release|Any CPU
	EndGlobalSection
	GlobalSection(ProjectConfigurationPlatforms) = postSolution
		{5AFB0DF3-F774-4801-B094-40C45D672FB0}.Debug|Any CPU.ActiveCfg = Debug|Any CPU
		{5AFB0DF3-F774-4801-B094-40C45D672FB0}.Debug|Any CPU.Build.0 = Debug|Any CPU
		{5AFB0DF3-F774-4801-B094-40C45D672FB0}.Release|Any CPU.ActiveCfg = Release|Any CPU
		{5AFB0DF3-F774-4801-B094-40C45D672FB0}.Release|Any CPU.Build.0 = Release|Any CPU
	EndGlobalSection
	GlobalSection(SolutionProperties) = preSolution
		HideSolutionNode = FALSE
	EndGlobalSection
	GlobalSection(ExtensibilityGlobals) = postSolution
		SolutionGuid = {B34D87C6-8169-4B64-9D3C-2AE538D26883}
	EndGlobalSection
EndGlobal
